
Microsoft Visual Studio Solution File, Format Version 11.00
# Visual Studio 2010
Project("{FAE04EC0-301F-11D3-BF4B-00C04F79EFBC}") = "Library", "Library\Library.csproj", "{D08CB551-C847-4767-9D5D-0B186F02EA95}"
EndProject
Project("{FAE04EC0-301F-11D3-BF4B-00C04F79EFBC}") = "Tester", "Tester\Tester.csproj", "{D806CD1E-5837-41A1-B0DC-389D266CE3A6}"
EndProject
Global
	GlobalSection(SolutionConfigurationPlatforms) = preSolution
		Debug|Any CPU = Debug|Any CPU
		Debug|Mixed Platforms = Debug|Mixed Platforms
		Debug|x86 = Debug|x86
		Release|Any CPU = Release|Any CPU
		Release|Mixed Platforms = Release|Mixed Platforms
		Release|x86 = Release|x86
	EndGlobalSection
	GlobalSection(ProjectConfigurationPlatforms) = postSolution
		{D08CB551-C847-4767-9D5D-0B186F02EA95}.Debug|Any CPU.ActiveCfg = Debug|Any CPU
		{D08CB551-C847-4767-9D5D-0B186F02EA95}.Debug|Any CPU.Build.0 = Debug|Any CPU
		{D08CB551-C847-4767-9D5D-0B186F02EA95}.Debug|Mixed Platforms.ActiveCfg = Debug|Any CPU
		{D08CB551-C847-4767-9D5D-0B186F02EA95}.Debug|Mixed Platforms.Build.0 = Debug|Any CPU
		{D08CB551-C847-4767-9D5D-0B186F02EA95}.Debug|x86.ActiveCfg = Debug|x86
		{D08CB551-C847-4767-9D5D-0B186F02EA95}.Debug|x86.Build.0 = Debug|x86
		{D08CB551-C847-4767-9D5D-0B186F02EA95}.Release|Any CPU.ActiveCfg = Release|Any CPU
		{D08CB551-C847-4767-9D5D-0B186F02EA95}.Release|Any CPU.Build.0 = Release|Any CPU
		{D08CB551-C847-4767-9D5D-0B186F02EA95}.Release|Mixed Platforms.ActiveCfg = Release|Any CPU
		{D08CB551-C847-4767-9D5D-0B186F02EA95}.Release|Mixed Platforms.Build.0 = Release|Any CPU
		{D08CB551-C847-4767-9D5D-0B186F02EA95}.Release|x86.ActiveCfg = Release|Any CPU
		{D806CD1E-5837-41A1-B0DC-389D266CE3A6}.Debug|Any CPU.ActiveCfg = Debug|x86
		{D806CD1E-5837-41A1-B0DC-389D266CE3A6}.Debug|Mixed Platforms.ActiveCfg = Debug|x86
		{D806CD1E-5837-41A1-B0DC-389D266CE3A6}.Debug|Mixed Platforms.Build.0 = Debug|x86
		{D806CD1E-5837-41A1-B0DC-389D266CE3A6}.Debug|x86.ActiveCfg = Debug|x86
		{D806CD1E-5837-41A1-B0DC-389D266CE3A6}.Debug|x86.Build.0 = Debug|x86
		{D806CD1E-5837-41A1-B0DC-389D266CE3A6}.Release|Any CPU.ActiveCfg = Release|x86
		{D806CD1E-5837-41A1-B0DC-389D266CE3A6}.Release|Mixed Platforms.ActiveCfg = Release|x86
		{D806CD1E-5837-41A1-B0DC-389D266CE3A6}.Release|Mixed Platforms.Build.0 = Release|x86
		{D806CD1E-5837-41A1-B0DC-389D266CE3A6}.Release|x86.ActiveCfg = Release|x86
		{D806CD1E-5837-41A1-B0DC-389D266CE3A6}.Release|x86.Build.0 = Release|x86
	EndGlobalSection
	GlobalSection(SolutionProperties) = preSolution
		HideSolutionNode = FALSE
	EndGlobalSection
EndGlobal
